
Microsoft Visual Studio Solution File, Format Version 12.00
# Visual Studio Version 17
VisualStudioVersion = 17.4.33205.214
MinimumVisualStudioVersion = 10.0.40219.1
Project("{FAE04EC0-301F-11D3-BF4B-00C04F79EFBC}") = "TagStructDumper", "TagStructDumper.csproj", "{5CCE314C-DF45-41E0-9C02-C246E4D21FF1}"
EndProject
Global
	GlobalSection(SolutionConfigurationPlatforms) = preSolution
		Debug|Any CPU = Debug|Any CPU
		Debug|x64 = Debug|x64
		Release|Any CPU = Release|Any CPU
		Release|x64 = Release|x64
	EndGlobalSection
	GlobalSection(ProjectConfigurationPlatforms) = postSolution
		{5CCE314C-DF45-41E0-9C02-C246E4D21FF1}.Debug|Any CPU.ActiveCfg = Debug|Any CPU
		{5CCE314C-DF45-41E0-9C02-C246E4D21FF1}.Debug|Any CPU.Build.0 = Debug|Any CPU
		{5CCE314C-DF45-41E0-9C02-C246E4D21FF1}.Debug|x64.ActiveCfg = Debug|x64
		{5CCE314C-DF45-41E0-9C02-C246E4D21FF1}.Debug|x64.Build.0 = Debug|x64
		{5CCE314C-DF45-41E0-9C02-C246E4D21FF1}.Release|Any CPU.ActiveCfg = Release|Any CPU
		{5CCE314C-DF45-41E0-9C02-C246E4D21FF1}.Release|Any CPU.Build.0 = Release|Any CPU
		{5CCE314C-DF45-41E0-9C02-C246E4D21FF1}.Release|x64.ActiveCfg = Release|x64
		{5CCE314C-DF45-41E0-9C02-C246E4D21FF1}.Release|x64.Build.0 = Release|x64
	EndGlobalSection
	GlobalSection(SolutionProperties) = preSolution
		HideSolutionNode = FALSE
	EndGlobalSection
	GlobalSection(ExtensibilityGlobals) = postSolution
		SolutionGuid = {6FFE442F-751F-4BA1-AFA1-8696BA400181}
	EndGlobalSection
EndGlobal
